lockfileVersion: '9.0'

settings:
  autoInstallPeers: true
  excludeLinksFromLockfile: false

importers:

  .:
    devDependencies:
      husky:
        specifier: ^9.1.7
        version: 9.1.7
      minify:
        specifier: ^15.2.0
        version: 15.2.0

packages:

  '@emnapi/core@1.9.0':
    resolution: {integrity: sha512-0DQ98G9ZQZOxfUcQn1waV2yS8aWdZ6kJMbYCJB3oUBecjWYO1fqJ+a1DRfPF3O5JEkwqwP1A9QEN/9mYm2Yd0w==}

  '@emnapi/runtime@1.9.0':
    resolution: {integrity: sha512-QN75eB0IH2ywSpRpNddCRfQIhmJYBCJ1x5Lb3IscKAL8bMnVAKnRg8dCoXbHzVLLH7P38N2Z3mtulB7W0J0FKw==}

  '@emnapi/wasi-threads@1.2.0':
    resolution: {integrity: sha512-N10dEJNSsUx41Z6pZsXU8FjPjpBEplgH24sfkmITrBED1/U2Esum9F3lfLrMjKHHjmi557zQn7kR9R+XWXu5Rg==}

  '@esbuild/aix-ppc64@0.27.4':
    resolution: {integrity: sha512-cQPwL2mp2nSmHHJlCyoXgHGhbEPMrEEU5xhkcy3Hs/O7nGZqEpZ2sUtLaL9MORLtDfRvVl2/3PAuEkYZH0Ty8Q==}
    engines: {node: '>=18'}
    cpu: [ppc64]
    os: [aix]

  '@esbuild/android-arm64@0.27.4':
    resolution: {integrity: sha512-gdLscB7v75wRfu7QSm/zg6Rx29VLdy9eTr2t44sfTW7CxwAtQghZ4ZnqHk3/ogz7xao0QAgrkradbBzcqFPasw==}
    engines: {node: '>=18'}
    cpu: [arm64]
    os: [android]

  '@esbuild/android-arm@0.27.4':
    resolution: {integrity: sha512-X9bUgvxiC8CHAGKYufLIHGXPJWnr0OCdR0anD2e21vdvgCI8lIfqFbnoeOz7lBjdrAGUhqLZLcQo6MLhTO2DKQ==}
    engines: {node: '>=18'}
    cpu: [arm]
    os: [android]

  '@esbuild/android-x64@0.27.4':
    resolution: {integrity: sha512-PzPFnBNVF292sfpfhiyiXCGSn9HZg5BcAz+ivBuSsl6Rk4ga1oEXAamhOXRFyMcjwr2DVtm40G65N3GLeH1Lvw==}
    engines: {node: '>=18'}
    cpu: [x64]
    os: [android]

  '@esbuild/darwin-arm64@0.27.4':
    resolution: {integrity: sha512-b7xaGIwdJlht8ZFCvMkpDN6uiSmnxxK56N2GDTMYPr2/gzvfdQN8rTfBsvVKmIVY/X7EM+/hJKEIbbHs9oA4tQ==}
    engines: {node: '>=18'}
    cpu: [arm64]
    os: [darwin]

  '@esbuild/darwin-x64@0.27.4':
    resolution: {integrity: sha512-sR+OiKLwd15nmCdqpXMnuJ9W2kpy0KigzqScqHI3Hqwr7IXxBp3Yva+yJwoqh7rE8V77tdoheRYataNKL4QrPw==}
    engines: {node: '>=18'}
    cpu: [x64]
    os: [darwin]

  '@esbuild/freebsd-arm64@0.27.4':
    resolution: {integrity: sha512-jnfpKe+p79tCnm4GVav68A7tUFeKQwQyLgESwEAUzyxk/TJr4QdGog9sqWNcUbr/bZt/O/HXouspuQDd9JxFSw==}
    engines: {node: '>=18'}
    cpu: [arm64]
    os: [freebsd]

  '@esbuild/freebsd-x64@0.27.4':
    resolution: {integrity: sha512-2kb4ceA/CpfUrIcTUl1wrP/9ad9Atrp5J94Lq69w7UwOMolPIGrfLSvAKJp0RTvkPPyn6CIWrNy13kyLikZRZQ==}
    engines: {node: '>=18'}
    cpu: [x64]
    os: [freebsd]

  '@esbuild/linux-arm64@0.27.4':
    resolution: {integrity: sha512-7nQOttdzVGth1iz57kxg9uCz57dxQLHWxopL6mYuYthohPKEK0vU0C3O21CcBK6KDlkYVcnDXY099HcCDXd9dA==}
    engines: {node: '>=18'}
    cpu: [arm64]
    os: [linux]

  '@esbuild/linux-arm@0.27.4':
    resolution: {integrity: sha512-aBYgcIxX/wd5n2ys0yESGeYMGF+pv6g0DhZr3G1ZG4jMfruU9Tl1i2Z+Wnj9/KjGz1lTLCcorqE2viePZqj4Eg==}
    engines: {node: '>=18'}
    cpu: [arm]
    os: [linux]

  '@esbuild/linux-ia32@0.27.4':
    resolution: {integrity: sha512-oPtixtAIzgvzYcKBQM/qZ3R+9TEUd1aNJQu0HhGyqtx6oS7qTpvjheIWBbes4+qu1bNlo2V4cbkISr8q6gRBFA==}
    engines: {node: '>=18'}
    cpu: [ia32]
    os: [linux]

  '@esbuild/linux-loong64@0.27.4':
    resolution: {integrity: sha512-8mL/vh8qeCoRcFH2nM8wm5uJP+ZcVYGGayMavi8GmRJjuI3g1v6Z7Ni0JJKAJW+m0EtUuARb6Lmp4hMjzCBWzA==}
    engines: {node: '>=18'}
    cpu: [loong64]
    os: [linux]

  '@esbuild/linux-mips64el@0.27.4':
    resolution: {integrity: sha512-1RdrWFFiiLIW7LQq9Q2NES+HiD4NyT8Itj9AUeCl0IVCA459WnPhREKgwrpaIfTOe+/2rdntisegiPWn/r/aAw==}
    engines: {node: '>=18'}
    cpu: [mips64el]
    os: [linux]

  '@esbuild/linux-ppc64@0.27.4':
    resolution: {integrity: sha512-tLCwNG47l3sd9lpfyx9LAGEGItCUeRCWeAx6x2Jmbav65nAwoPXfewtAdtbtit/pJFLUWOhpv0FpS6GQAmPrHA==}
    engines: {node: '>=18'}
    cpu: [ppc64]
    os: [linux]

  '@esbuild/linux-riscv64@0.27.4':
    resolution: {integrity: sha512-BnASypppbUWyqjd1KIpU4AUBiIhVr6YlHx/cnPgqEkNoVOhHg+YiSVxM1RLfiy4t9cAulbRGTNCKOcqHrEQLIw==}
    engines: {node: '>=18'}
    cpu: [riscv64]
    os: [linux]

  '@esbuild/linux-s390x@0.27.4':
    resolution: {integrity: sha512-+eUqgb/Z7vxVLezG8bVB9SfBie89gMueS+I0xYh2tJdw3vqA/0ImZJ2ROeWwVJN59ihBeZ7Tu92dF/5dy5FttA==}
    engines: {node: '>=18'}
    cpu: [s390x]
    os: [linux]

  '@esbuild/linux-x64@0.27.4':
    resolution: {integrity: sha512-S5qOXrKV8BQEzJPVxAwnryi2+Iq5pB40gTEIT69BQONqR7JH1EPIcQ/Uiv9mCnn05jff9umq/5nqzxlqTOg9NA==}
    engines: {node: '>=18'}
    cpu: [x64]
    os: [linux]

  '@esbuild/netbsd-arm64@0.27.4':
    resolution: {integrity: sha512-xHT8X4sb0GS8qTqiwzHqpY00C95DPAq7nAwX35Ie/s+LO9830hrMd3oX0ZMKLvy7vsonee73x0lmcdOVXFzd6Q==}
    engines: {node: '>=18'}
    cpu: [arm64]
    os: [netbsd]

  '@esbuild/netbsd-x64@0.27.4':
    resolution: {integrity: sha512-RugOvOdXfdyi5Tyv40kgQnI0byv66BFgAqjdgtAKqHoZTbTF2QqfQrFwa7cHEORJf6X2ht+l9ABLMP0dnKYsgg==}
    engines: {node: '>=18'}
    cpu: [x64]
    os: [netbsd]

  '@esbuild/openbsd-arm64@0.27.4':
    resolution: {integrity: sha512-2MyL3IAaTX+1/qP0O1SwskwcwCoOI4kV2IBX1xYnDDqthmq5ArrW94qSIKCAuRraMgPOmG0RDTA74mzYNQA9ow==}
    engines: {node: '>=18'}
    cpu: [arm64]
    os: [openbsd]

  '@esbuild/openbsd-x64@0.27.4':
    resolution: {integrity: sha512-u8fg/jQ5aQDfsnIV6+KwLOf1CmJnfu1ShpwqdwC0uA7ZPwFws55Ngc12vBdeUdnuWoQYx/SOQLGDcdlfXhYmXQ==}
    engines: {node: '>=18'}
    cpu: [x64]
    os: [openbsd]

  '@esbuild/openharmony-arm64@0.27.4':
    resolution: {integrity: sha512-JkTZrl6VbyO8lDQO3yv26nNr2RM2yZzNrNHEsj9bm6dOwwu9OYN28CjzZkH57bh4w0I2F7IodpQvUAEd1mbWXg==}
    engines: {node: '>=18'}
    cpu: [arm64]
    os: [openharmony]

  '@esbuild/sunos-x64@0.27.4':
    resolution: {integrity: sha512-/gOzgaewZJfeJTlsWhvUEmUG4tWEY2Spp5M20INYRg2ZKl9QPO3QEEgPeRtLjEWSW8FilRNacPOg8R1uaYkA6g==}
    engines: {node: '>=18'}
    cpu: [x64]
    os: [sunos]

  '@esbuild/win32-arm64@0.27.4':
    resolution: {integrity: sha512-Z9SExBg2y32smoDQdf1HRwHRt6vAHLXcxD2uGgO/v2jK7Y718Ix4ndsbNMU/+1Qiem9OiOdaqitioZwxivhXYg==}
    engines: {node: '>=18'}
    cpu: [arm64]
    os: [win32]

  '@esbuild/win32-ia32@0.27.4':
    resolution: {integrity: sha512-DAyGLS0Jz5G5iixEbMHi5KdiApqHBWMGzTtMiJ72ZOLhbu/bzxgAe8Ue8CTS3n3HbIUHQz/L51yMdGMeoxXNJw==}
    engines: {node: '>=18'}
    cpu: [ia32]
    os: [win32]

  '@esbuild/win32-x64@0.27.4':
    resolution: {integrity: sha512-+knoa0BDoeXgkNvvV1vvbZX4+hizelrkwmGJBdT17t8FNPwG2lKemmuMZlmaNQ3ws3DKKCxpb4zRZEIp3UxFCg==}
    engines: {node: '>=18'}
    cpu: [x64]
    os: [win32]

  '@jridgewell/gen-mapping@0.3.13':
    resolution: {integrity: sha512-2kkt/7niJ6MgEPxF0bYdQ6etZaA+fQvDcLKckhy1yIQOzaoKjBBjSj63/aLVjYE3qhRt5dvM+uUyfCg6UKCBbA==}

  '@jridgewell/resolve-uri@3.1.2':
    resolution: {integrity: sha512-bRISgCIjP20/tbWSPWMEi54QVPRZExkuD9lJL+UIxUKtwVJA8wW1Trb1jMs1RFXo1CBTNZ/5hpC9QvmKWdopKw==}
    engines: {node: '>=6.0.0'}

  '@jridgewell/source-map@0.3.11':
    resolution: {integrity: sha512-ZMp1V8ZFcPG5dIWnQLr3NSI1MiCU7UETdS/A0G8V/XWHvJv3ZsFqutJn1Y5RPmAPX6F3BiE397OqveU/9NCuIA==}

  '@jridgewell/sourcemap-codec@1.5.5':
    resolution: {integrity: sha512-cYQ9310grqxueWbl+WuIUIaiUaDcj7WOq5fVhEljNVgRfOUhY9fy2zTvfoqWsnebh8Sl70VScFbICvJnLKB0Og==}

  '@jridgewell/trace-mapping@0.3.31':
    resolution: {integrity: sha512-zzNR+SdQSDJzc8joaeP8QQoCQr8NuYx2dIIytl1QeBEZHJ9uW6hebsrYgbz8hJwUQao3TWCMtmfV8Nu1twOLAw==}

  '@napi-rs/wasm-runtime@1.1.1':
    resolution: {integrity: sha512-p64ah1M1ld8xjWv3qbvFwHiFVWrq1yFvV4f7w+mzaqiR4IlSgkqhcRdHwsGgomwzBH51sRY4NEowLxnaBjcW/A==}

  '@oxc-minify/binding-android-arm-eabi@0.116.0':
    resolution: {integrity: sha512-xJRj6ygJ9PYIqp7RBWylb0U5OdSHFFbETkXKMic9EVfFuMm7PpOsvs+5n6Dhp9XjAlHswcyBVoh2N/zzg/1lNw==}
    engines: {node: ^20.19.0 || >=22.12.0}
    cpu: [arm]
    os: [android]

  '@oxc-minify/binding-android-arm64@0.116.0':
    resolution: {integrity: sha512-4cMIwsMG+ie62tGKUbmqSWkqHXTb6vjAB0l6XHQRec5BFatn+x6btPbu1tZ0e4khxYHXusd3vRyLdfYpya8Qrg==}
    engines: {node: ^20.19.0 || >=22.12.0}
    cpu: [arm64]
    os: [android]

  '@oxc-minify/binding-darwin-arm64@0.116.0':
    resolution: {integrity: sha512-03+i13fHa7SPuTfHaQ2eDnqxfv0XPzMAw7TpN4FpblGH+m+e6IvfDfpj/xT/zzvgRdFV8cBtLZ49bX50ZDmHAA==}
    engines: {node: ^20.19.0 || >=22.12.0}
    cpu: [arm64]
    os: [darwin]

  '@oxc-minify/binding-darwin-x64@0.116.0':
    resolution: {integrity: sha512-ICNEKYEgJw4UX1MQEshQLJNz5tIDImQMgoA7HHzLO2Z0Y2M6oQlsyFfoSMuc3lO4EPK6PrNRxuFBtt3wc8dd9g==}
    engines: {node: ^20.19.0 || >=22.12.0}
    cpu: [x64]
    os: [darwin]

  '@oxc-minify/binding-freebsd-x64@0.116.0':
    resolution: {integrity: sha512-J5y2cTphLSiTD8IAidxYDjdrklweXZh5FdAGCDnL9fh02cAc8g2ZXa53TNRdPsjnYXIEH5w4SvMzf63hDd+ezw==}
    engines: {node: ^20.19.0 || >=22.12.0}
    cpu: [x64]
    os: [freebsd]

  '@oxc-minify/binding-linux-arm-gnueabihf@0.116.0':
    resolution: {integrity: sha512-thcu4qGtNHt3/SRB2xcJEMG9xxJIuflbWAzXJPLAhZugNmJS0ttcmIvDfvJQ2MJ+PSssZOtX7Gxu/5blTiaBEg==}
    engines: {node: ^20.19.0 || >=22.12.0}
    cpu: [arm]
    os: [linux]

  '@oxc-minify/binding-linux-arm-musleabihf@0.116.0':
    resolution: {integrity: sha512-mru7IDG/VDty51FBTnqAgjgeXM2x+1NadU1y26gq1U46WqO+ISrcdESlmHGp8tnMpj7rFGGk3kbmEoCDR8UQBg==}
    engines: {node: ^20.19.0 || >=22.12.0}
    cpu: [arm]
    os: [linux]

  '@oxc-minify/binding-linux-arm64-gnu@0.116.0':
    resolution: {integrity: sha512-1CIngrhxBd+tZ30JSpTc7R2b2YvMx3UMJZUjGQfXfZJQHya8s2nxfZXQszmQZFbtUzD789JZkcYrW8wl+xg//Q==}
    engines: {node: ^20.19.0 || >=22.12.0}
    cpu: [arm64]
    os: [linux]

  '@oxc-minify/binding-linux-arm64-musl@0.116.0':
    resolution: {integrity: sha512-Xz/yCEAlJ/eT1DAmOIiJLSh0OwJE+8XkKMwTwL4hxL+pcJMpIXMBg1t1VIgHc561DmWxw//s5RPXqON+DRAkig==}
    engines: {node: ^20.19.0 || >=22.12.0}
    cpu: [arm64]
    os: [linux]

  '@oxc-minify/binding-linux-ppc64-gnu@0.116.0':
    resolution: {integrity: sha512-Qk88V65XjhyrYcRZv/k6fHI7/c2lpYSOYeWgrRnqXNDryZ1oU3eZbJP7bgcZf+YCXHWg0SwJ3rZJuFmi+/Ml0Q==}
    engines: {node: ^20.19.0 || >=22.12.0}
    cpu: [ppc64]
    os: [linux]

  '@oxc-minify/binding-linux-riscv64-gnu@0.116.0':
    resolution: {integrity: sha512-1NlzrKgKgsvJg+8dtXGHZLdKLXmr6JSt6/7S6KCjG/FW2MZfjfiEnHbwW9U6iVpkmKlD73UDJsoyMQWGOZO6fQ==}
    engines: {node: ^20.19.0 || >=22.12.0}
    cpu: [riscv64]
    os: [linux]

  '@oxc-minify/binding-linux-riscv64-musl@0.116.0':
    resolution: {integrity: sha512-7sesJpftUQAFyMhnrdC2EoKWnsXeqC87A3spco5knPNfm90yzFYvpGGzBquJnWWwXHI5gplfDPYkiVrOP3AcRw==}
    engines: {node: ^20.19.0 || >=22.12.0}
    cpu: [riscv64]
    os: [linux]

  '@oxc-minify/binding-linux-s390x-gnu@0.116.0':
    resolution: {integrity: sha512-Npe3A85+TLU1wK0BanMoJJhCAGIqM8SzKmteABxaBwjyfzQr4HtbOU/Boem6MoPegALIRNo0XHbR04Vby6wxSQ==}
    engines: {node: ^20.19.0 || >=22.12.0}
    cpu: [s390x]
    os: [linux]

  '@oxc-minify/binding-linux-x64-gnu@0.116.0':
    resolution: {integrity: sha512-1Ed/oZXVmgMSccgi6nBYC7ezqYjPhDRWHbdVJGNoXFcC6I138KHp/tTUWaqQNxtvwE1NrkYViaxnl7Gvq9Cjdg==}
    engines: {node: ^20.19.0 || >=22.12.0}
    cpu: [x64]
    os: [linux]

  '@oxc-minify/binding-linux-x64-musl@0.116.0':
    resolution: {integrity: sha512-QlXCrfdh3NFdKcBFUCgQvXc3Wp6xSonlZh0h8oZGBardy9d3IiIwDS7geXZkpFrpaU63kMmbt/vEB9elDCag4A==}
    engines: {node: ^20.19.0 || >=22.12.0}
    cpu: [x64]
    os: [linux]

  '@oxc-minify/binding-openharmony-arm64@0.116.0':
    resolution: {integrity: sha512-b+IcvnKIfy44E35Oo+x5cbzp41odP2uoXLC+jNgkZCn3kwa/rlGc/mmT6l9INdNIGA+pK7MyZjZWSOYZZNk/3g==}
    engines: {node: ^20.19.0 || >=22.12.0}
    cpu: [arm64]
    os: [openharmony]

  '@oxc-minify/binding-wasm32-wasi@0.116.0':
    resolution: {integrity: sha512-WM4olmljUhhXwAZP/4UPOHxmQTczWBCFKv0IoPXhIWdoowJWhdiPOAn8Yq9PvZ7yupdVsJdyt2Jaf3zCNuwVrA==}
    engines: {node: '>=14.0.0'}
    cpu: [wasm32]

  '@oxc-minify/binding-win32-arm64-msvc@0.116.0':
    resolution: {integrity: sha512-wNARwIEz1iBSwn6PitToCGQRfM/7KcutxeL/POXtA9pGxtniw2bksq1Fiov+ESGBjtOk8GGAN02yftC6WhzGSw==}
    engines: {node: ^20.19.0 || >=22.12.0}
    cpu: [arm64]
    os: [win32]

  '@oxc-minify/binding-win32-ia32-msvc@0.116.0':
    resolution: {integrity: sha512-H9yR4/P+lZfqTsGPiKTnnZnXInzeiBCGyUi6Tv3nvQhMsiM1liLKgJ1konR0YaOMYxpObG5Qu0TKQ/8uufldZA==}
    engines: {node: ^20.19.0 || >=22.12.0}
    cpu: [ia32]
    os: [win32]

  '@oxc-minify/binding-win32-x64-msvc@0.116.0':
    resolution: {integrity: sha512-mGRIhi37Eh/YjvImseaNqCo0sv8aUBR69BKb65Oh4qAuk+hWzY5GyfEFUCQ1Dt6tmdLmi2R+4aaFWIzDJIzSVA==}
    engines: {node: ^20.19.0 || >=22.12.0}
    cpu: [x64]
    os: [win32]

  '@putout/minify@6.0.6':
    resolution: {integrity: sha512-SYrAtmYrOlwkIpeXsnBJ4wHaemuWRs6CocumQ146umAy5kq+q1HIBUVgQN5YdCwzboqL6dyr16ew6FAiQxsw3w==}
    engines: {node: '>=22'}

  '@swc/core-darwin-arm64@1.15.18':
    resolution: {integrity: sha512-+mIv7uBuSaywN3C9LNuWaX1jJJ3SKfiJuE6Lr3bd+/1Iv8oMU7oLBjYMluX1UrEPzwN2qCdY6Io0yVicABoCwQ==}
    engines: {node: '>=10'}
    cpu: [arm64]
    os: [darwin]

  '@swc/core-darwin-x64@1.15.18':
    resolution: {integrity: sha512-wZle0eaQhnzxWX5V/2kEOI6Z9vl/lTFEC6V4EWcn+5pDjhemCpQv9e/TDJ0GIoiClX8EDWRvuZwh+Z3dhL1NAg==}
    engines: {node: '>=10'}
    cpu: [x64]
    os: [darwin]

  '@swc/core-linux-arm-gnueabihf@1.15.18':
    resolution: {integrity: sha512-ao61HGXVqrJFHAcPtF4/DegmwEkVCo4HApnotLU8ognfmU8x589z7+tcf3hU+qBiU1WOXV5fQX6W9Nzs6hjxDw==}
    engines: {node: '>=10'}
    cpu: [arm]
    os: [linux]

  '@swc/core-linux-arm64-gnu@1.15.18':
    resolution: {integrity: sha512-3xnctOBLIq3kj8PxOCgPrGjBLP/kNOddr6f5gukYt/1IZxsITQaU9TDyjeX6jG+FiCIHjCuWuffsyQDL5Ew1bg==}
    engines: {node: '>=10'}
    cpu: [arm64]
    os: [linux]

  '@swc/core-linux-arm64-musl@1.15.18':
    resolution: {integrity: sha512-0a+Lix+FSSHBSBOA0XznCcHo5/1nA6oLLjcnocvzXeqtdjnPb+SvchItHI+lfeiuj1sClYPDvPMLSLyXFaiIKw==}
    engines: {node: '>=10'}
    cpu: [arm64]
    os: [linux]

  '@swc/core-linux-x64-gnu@1.15.18':
    resolution: {integrity: sha512-wG9J8vReUlpaHz4KOD/5UE1AUgirimU4UFT9oZmupUDEofxJKYb1mTA/DrMj0s78bkBiNI+7Fo2EgPuvOJfuAA==}
    engines: {node: '>=10'}
    cpu: [x64]
    os: [linux]

  '@swc/core-linux-x64-musl@1.15.18':
    resolution: {integrity: sha512-4nwbVvCphKzicwNWRmvD5iBaZj8JYsRGa4xOxJmOyHlMDpsvvJ2OR2cODlvWyGFH6BYL1MfIAK3qph3hp0Az6g==}
    engines: {node: '>=10'}
    cpu: [x64]
    os: [linux]

  '@swc/core-win32-arm64-msvc@1.15.18':
    resolution: {integrity: sha512-zk0RYO+LjiBCat2RTMHzAWaMky0cra9loH4oRrLKLLNuL+jarxKLFDA8xTZWEkCPLjUTwlRN7d28eDLLMgtUcQ==}
    engines: {node: '>=10'}
    cpu: [arm64]
    os: [win32]

  '@swc/core-win32-ia32-msvc@1.15.18':
    resolution: {integrity: sha512-yVuTrZ0RccD5+PEkpcLOBAuPbYBXS6rslENvIXfvJGXSdX5QGi1ehC4BjAMl5FkKLiam4kJECUI0l7Hq7T1vwg==}
    engines: {node: '>=10'}
    cpu: [ia32]
    os: [win32]

  '@swc/core-win32-x64-msvc@1.15.18':
    resolution: {integrity: sha512-7NRmE4hmUQNCbYU3Hn9Tz57mK9Qq4c97ZS+YlamlK6qG9Fb5g/BB3gPDe0iLlJkns/sYv2VWSkm8c3NmbEGjbg==}
    engines: {node: '>=10'}
    cpu: [x64]
    os: [win32]

  '@swc/core@1.15.18':
    resolution: {integrity: sha512-z87aF9GphWp//fnkRsqvtY+inMVPgYW3zSlXH1kJFvRT5H/wiAn+G32qW5l3oEk63KSF1x3Ov0BfHCObAmT8RA==}
    engines: {node: '>=10'}
    peerDependencies:
      '@swc/helpers': '>=0.5.17'
    peerDependenciesMeta:
      '@swc/helpers':
        optional: true

  '@swc/counter@0.1.3':
    resolution: {integrity: sha512-e2BR4lsJkkRlKZ/qCHPw9ZaSxc0MVUd7gtbtaB7aMvHeJVYe8sOB8DBZkP2DtISHGSku9sCK6T6cnY0CtXrOCQ==}

  '@swc/types@0.1.25':
    resolution: {integrity: sha512-iAoY/qRhNH8a/hBvm3zKj9qQ4oc2+3w1unPJa2XvTK3XjeLXtzcCingVPw/9e5mn1+0yPqxcBGp9Jf0pkfMb1g==}

  '@tybys/wasm-util@0.10.1':
    resolution: {integrity: sha512-9tTaPJLSiejZKx+Bmog4uSubteqTvFrVrURwkmHixBo0G4seD0zUxp98E1DzUBJxLQ3NPwXrGKDiVjwx/DpPsg==}

  acorn@8.16.0:
    resolution: {integrity: sha512-UVJyE9MttOsBQIDKw1skb9nAwQuR5wuGD3+82K6JgJlm/Y+KI92oNsMNGZCYdDsVtRHSak0pcV5Dno5+4jh9sw==}
    engines: {node: '>=0.4.0'}
    hasBin: true

  boolbase@1.0.0:
    resolution: {integrity: sha512-JZOSA7Mo9sNGB8+UjSgzdLtokWAky1zbztM3WRLCbZ70/3cTANmQmOdR7y2g+J0e2WXywy1yS468tY+IruqEww==}

  buffer-from@1.1.2:
    resolution: {integrity: sha512-E+XQCRwSbaaiChtv6k6Dwgc+bx+Bs6vuKJHHl5kox/BaKbhiXzqQOwK4cO22yElGp2OCmjwVhT3HmxgyPGnJfQ==}

  clean-css@5.3.3:
    resolution: {integrity: sha512-D5J+kHaVb/wKSFcyyV75uCn8fiY4sV38XJoe4CUyGQ+mOU/fMVYUdH1hJC+CJQ5uY3EnW27SbJYS4X8BiLrAFg==}
    engines: {node: '>= 10.0'}

  commander@11.1.0:
    resolution: {integrity: sha512-yPVavfyCcRhmorC7rWlkHn15b4wDVgVmBA7kV4QVBsF7kv/9TKJAbAXVTxvTnwP8HHKjRCJDClKbciiYS7p0DQ==}
    engines: {node: '>=16'}

  commander@14.0.3:
    resolution: {integrity: sha512-H+y0Jo/T1RZ9qPP4Eh1pkcQcLRglraJaSLoyOtHxu6AapkjWVCy2Sit1QQ4x3Dng8qDlSsZEet7g5Pq06MvTgw==}
    engines: {node: '>=20'}

  commander@2.20.3:
    resolution: {integrity: sha512-GpVkmM8vF2vQUkj2LvZmD35JxeJOLCwJ9cUkugyk2nuhbv3+mJvpLYYt+0+USMxE+oj+ey/lJEnhZw75x/OMcQ==}

  css-b64-images@0.2.5:
    resolution: {integrity: sha512-TgQBEdP07adhrDfXvI5o6bHGukKBNMzp2Ngckc/6d09zpjD2gc1Hl3Ca1CKgb8FXjHi88+Phv2Uegs2kTL4zjg==}
    hasBin: true

  css-select@5.2.2:
    resolution: {integrity: sha512-TizTzUddG/xYLA3NXodFM0fSbNizXjOKhqiQQwvhlspadZokn1KDy0NZFS0wuEubIYAV5/c1/lAr0TaaFXEXzw==}

  css-tree@2.2.1:
    resolution: {integrity: sha512-OA0mILzGc1kCOCSJerOeqDxDQ4HOh+G8NbOJFOTgOCzpw7fCBubk0fEyxp8AgOL/jvLgYA/uV0cMbe43ElF1JA==}
    engines: {node: ^10 || ^12.20.0 || ^14.13.0 || >=15.0.0, npm: '>=7.0.0'}

  css-tree@3.2.1:
    resolution: {integrity: sha512-X7sjQzceUhu1u7Y/ylrRZFU2FS6LRiFVp6rKLPg23y3x3c3DOKAwuXGDp+PAGjh6CSnCjYeAul8pcT8bAl+lSA==}
    engines: {node: ^10 || ^12.20.0 || ^14.13.0 || >=15.0.0}

  css-what@6.2.2:
    resolution: {integrity: sha512-u/O3vwbptzhMs3L1fQE82ZSLHQQfto5gyZzwteVIEyeaY5Fc7R4dapF/BvRoSYFeqfBk4m0V1Vafq5Pjv25wvA==}
    engines: {node: '>= 6'}

  csso@5.0.5:
    resolution: {integrity: sha512-0LrrStPOdJj+SPCCrGhzryycLjwcgUSHBtxNA8aIDxf0GLsRh1cKYhB00Gd1lDOS4yGH69+SNn13+TWbVHETFQ==}
    engines: {node: ^10 || ^12.20.0 || ^14.13.0 || >=15.0.0, npm: '>=7.0.0'}

  debug@4.4.3:
    resolution: {integrity: sha512-RGwwWnwQvkVfavKVt22FGLw+xYSdzARwm0ru6DhTVA3umU5hZc28V3kO4stgYryrTlLpuvgI9GiijltAjNbcqA==}
    engines: {node: '>=6.0'}
    peerDependencies:
      supports-color: '*'
    peerDependenciesMeta:
      supports-color:
        optional: true

  detect-libc@2.1.2:
    resolution: {integrity: sha512-Btj2BOOO83o3WyH59e8MgXsxEQVcarkUOpEYrubB0urwnN10yQ364rsiByU11nZlqWYZm05i/of7io4mzihBtQ==}
    engines: {node: '>=8'}

  dom-serializer@2.0.0:
    resolution: {integrity: sha512-wIkAryiqt/nV5EQKqQpo3SToSOV9J0DnbJqwK7Wv/Trc92zIAYZ4FlMu+JPFW1DfGFt81ZTCGgDEabffXeLyJg==}

  domelementtype@2.3.0:
    resolution: {integrity: sha512-OLETBj6w0OsagBwdXnPdN0cnMfF9opN69co+7ZrbfPGrdpPVNBUj02spi6B1N7wChLQiPn4CSH/zJvXw56gmHw==}

  domhandler@5.0.3:
    resolution: {integrity: sha512-cgwlv/1iFQiFnU96XXgROh8xTeetsnJiDsTc7TYCLFd9+/WNkIqPTxiM/8pSd8VIrhXGTf1Ny1q1hquVqDJB5w==}
    engines: {node: '>= 4'}

  domutils@3.2.2:
    resolution: {integrity: sha512-6kZKyUajlDuqlHKVX1w7gyslj9MPIXzIFiz/rGu35uC1wMi+kMhQwGhl4lt9unC9Vb9INnY9Z3/ZA3+FhASLaw==}

  entities@4.5.0:
    resolution: {integrity: sha512-V0hjH4dGPh9Ao5p0MoRY6BVqtwCjhz6vI5LT8AJ55H+4g9/4vbHx1I54fS0XuclLhDHArPQCiMjDxjaL8fPxhw==}
    engines: {node: '>=0.12'}

  entities@7.0.1:
    resolution: {integrity: sha512-TWrgLOFUQTH994YUyl1yT4uyavY5nNB5muff+RtWaqNVCAK408b5ZnnbNAUEWLTCpum9w6arT70i1XdQ4UeOPA==}
    engines: {node: '>=0.12'}

  esbuild@0.27.4:
    resolution: {integrity: sha512-Rq4vbHnYkK5fws5NF7MYTU68FPRE1ajX7heQ/8QXXWqNgqqJ/GkmmyxIzUnf2Sr/bakf8l54716CcMGHYhMrrQ==}
    engines: {node: '>=18'}
    hasBin: true

  find-up@8.0.0:
    resolution: {integrity: sha512-JGG8pvDi2C+JxidYdIwQDyS/CgcrIdh18cvgxcBge3wSHRQOrooMD3GlFBcmMJAN9M42SAZjDp5zv1dglJjwww==}
    engines: {node: '>=20'}

  html-minifier-next@5.2.0:
    resolution: {integrity: sha512-11wQG8dw+sIEdIt8LNBdV8R8nyXwAX4ni8WSpTdulP3RN4evUSx12cwe0FuO9HRsteBTKUUlKZkS/2XRBSYfLg==}
    hasBin: true
    peerDependencies:
      '@swc/core': ^1.15.7
    peerDependenciesMeta:
      '@swc/core':
        optional: true

  husky@9.1.7:
    resolution: {integrity: sha512-5gs5ytaNjBrh5Ow3zrvdUUY+0VxIuWVL4i9irt6friV+BqdCfmV11CQTWMiBYWHbXhco+J1kHfTOUkePhCDvMA==}
    engines: {node: '>=18'}
    hasBin: true

  jju@1.4.0:
    resolution: {integrity: sha512-8wb9Yw966OSxApiCt0K3yNJL8pnNeIv+OEq2YMidz4FKP6nonSRoOXc80iXY4JaN2FC11B9qsNmDsm+ZOfMROA==}

  lightningcss-android-arm64@1.32.0:
    resolution: {integrity: sha512-YK7/ClTt4kAK0vo6w3X+Pnm0D2cf2vPHbhOXdoNti1Ga0al1P4TBZhwjATvjNwLEBCnKvjJc2jQgHXH0NEwlAg==}
    engines: {node: '>= 12.0.0'}
    cpu: [arm64]
    os: [android]

  lightningcss-darwin-arm64@1.32.0:
    resolution: {integrity: sha512-RzeG9Ju5bag2Bv1/lwlVJvBE3q6TtXskdZLLCyfg5pt+HLz9BqlICO7LZM7VHNTTn/5PRhHFBSjk5lc4cmscPQ==}
    engines: {node: '>= 12.0.0'}
    cpu: [arm64]
    os: [darwin]

  lightningcss-darwin-x64@1.32.0:
    resolution: {integrity: sha512-U+QsBp2m/s2wqpUYT/6wnlagdZbtZdndSmut/NJqlCcMLTWp5muCrID+K5UJ6jqD2BFshejCYXniPDbNh73V8w==}
    engines: {node: '>= 12.0.0'}
    cpu: [x64]
    os: [darwin]

  lightningcss-freebsd-x64@1.32.0:
    resolution: {integrity: sha512-JCTigedEksZk3tHTTthnMdVfGf61Fky8Ji2E4YjUTEQX14xiy/lTzXnu1vwiZe3bYe0q+SpsSH/CTeDXK6WHig==}
    engines: {node: '>= 12.0.0'}
    cpu: [x64]
    os: [freebsd]

  lightningcss-linux-arm-gnueabihf@1.32.0:
    resolution: {integrity: sha512-x6rnnpRa2GL0zQOkt6rts3YDPzduLpWvwAF6EMhXFVZXD4tPrBkEFqzGowzCsIWsPjqSK+tyNEODUBXeeVHSkw==}
    engines: {node: '>= 12.0.0'}
    cpu: [arm]
    os: [linux]

  lightningcss-linux-arm64-gnu@1.32.0:
    resolution: {integrity: sha512-0nnMyoyOLRJXfbMOilaSRcLH3Jw5z9HDNGfT/gwCPgaDjnx0i8w7vBzFLFR1f6CMLKF8gVbebmkUN3fa/kQJpQ==}
    engines: {node: '>= 12.0.0'}
    cpu: [arm64]
    os: [linux]

  lightningcss-linux-arm64-musl@1.32.0:
    resolution: {integrity: sha512-UpQkoenr4UJEzgVIYpI80lDFvRmPVg6oqboNHfoH4CQIfNA+HOrZ7Mo7KZP02dC6LjghPQJeBsvXhJod/wnIBg==}
    engines: {node: '>= 12.0.0'}
    cpu: [arm64]
    os: [linux]

  lightningcss-linux-x64-gnu@1.32.0:
    resolution: {integrity: sha512-V7Qr52IhZmdKPVr+Vtw8o+WLsQJYCTd8loIfpDaMRWGUZfBOYEJeyJIkqGIDMZPwPx24pUMfwSxxI8phr/MbOA==}
    engines: {node: '>= 12.0.0'}
    cpu: [x64]
    os: [linux]

  lightningcss-linux-x64-musl@1.32.0:
    resolution: {integrity: sha512-bYcLp+Vb0awsiXg/80uCRezCYHNg1/l3mt0gzHnWV9XP1W5sKa5/TCdGWaR/zBM2PeF/HbsQv/j2URNOiVuxWg==}
    engines: {node: '>= 12.0.0'}
    cpu: [x64]
    os: [linux]

  lightningcss-win32-arm64-msvc@1.32.0:
    resolution: {integrity: sha512-8SbC8BR40pS6baCM8sbtYDSwEVQd4JlFTOlaD3gWGHfThTcABnNDBda6eTZeqbofalIJhFx0qKzgHJmcPTnGdw==}
    engines: {node: '>= 12.0.0'}
    cpu: [arm64]
    os: [win32]

  lightningcss-win32-x64-msvc@1.32.0:
    resolution: {integrity: sha512-Amq9B/SoZYdDi1kFrojnoqPLxYhQ4Wo5XiL8EVJrVsB8ARoC1PWW6VGtT0WKCemjy8aC+louJnjS7U18x3b06Q==}
    engines: {node: '>= 12.0.0'}
    cpu: [x64]
    os: [win32]

  lightningcss@1.32.0:
    resolution: {integrity: sha512-NXYBzinNrblfraPGyrbPoD19C1h9lfI/1mzgWYvXUTe414Gz/X1FD2XBZSZM7rRTrMA8JL3OtAaGifrIKhQ5yQ==}
    engines: {node: '>= 12.0.0'}

  locate-path@8.0.0:
    resolution: {integrity: sha512-XT9ewWAC43tiAV7xDAPflMkG0qOPn2QjHqlgX8FOqmWa/rxnyYDulF9T0F7tRy1u+TVTmK/M//6VIOye+2zDXg==}
    engines: {node: '>=20'}

  mdn-data@2.0.28:
    resolution: {integrity: sha512-aylIc7Z9y4yzHYAJNuESG3hfhC+0Ibp/MAMiaOZgNv4pmEdFyfZhhhny4MNiAfWdBQ1RQ2mfDWmM1x8SvGyp8g==}

  mdn-data@2.27.1:
    resolution: {integrity: sha512-9Yubnt3e8A0OKwxYSXyhLymGW4sCufcLG6VdiDdUGVkPhpqLxlvP5vl1983gQjJl3tqbrM731mjaZaP68AgosQ==}

  minify@15.2.0:
    resolution: {integrity: sha512-8syAQ9x4vGx4YgmsqaN2kefkxWzR7ET4IxYRC6iLWLImINsxwYMYXzx1jj/uOtbs0eVEI578H5KDgl+bPl3s+w==}
    engines: {node: '>=22'}
    hasBin: true

  montag@1.2.1:
    resolution: {integrity: sha512-YFuR6t5KhDlmAnUmVSxGzNcpWqSDqxbd95tvnEnn7X9yFv7g3kDFoRjwyGayVdF/NNoWk7YW7IxUjilnGnoC5Q==}

  ms@2.1.3:
    resolution: {integrity: sha512-6FlzubTLZG3J2a/NVCAleEhjzq5oxgHyaCU9yYXvcLsvoVaHJq/s5xXI6/XXP6tz7R9xAOtHnSO/tXtF3WRTlA==}

  nth-check@2.1.1:
    resolution: {integrity: sha512-lqjrjmaOoAnWfMmBPL+XNnynZh2+swxiX3WUE0s4yEHI6m+AwrK2UZOimIRl3X/4QctVqS8AiZjFqyOGrMXb/w==}

  oxc-minify@0.116.0:
    resolution: {integrity: sha512-QgwBX/I81xEsKaD0/M5OsLbuKUx48F2nnJnQrpAgCDOpqjfm8AdF/bbtmrGM9YmsSUsAxGTh+Va10ImlwUVwww==}
    engines: {node: ^20.19.0 || >=22.12.0}

  p-limit@4.0.0:
    resolution: {integrity: sha512-5b0R4txpzjPWVw/cXXUResoD4hb6U/x9BH08L7nw+GN1sezDzPdxeRvpc9c433fZhBan/wusjbCsqwqm4EIBIQ==}
    engines: {node: ^12.20.0 || ^14.13.1 || >=16.0.0}

  p-locate@6.0.0:
    resolution: {integrity: sha512-wPrq66Llhl7/4AGC6I+cqxT07LhXvWL08LNXz1fENOw0Ap4sRZZ/gZpTTJ5jpurzzzfS2W/Ge9BY3LgLjCShcw==}
    engines: {node: ^12.20.0 || ^14.13.1 || >=16.0.0}

  picocolors@1.1.1:
    resolution: {integrity: sha512-xceH2snhtb5M9liqDsmEw56le376mTZkEX/jEb/RxNFyegNul7eNslCXP9FDj/Lcu0X8KEyMceP2ntpaHrDEVA==}

  readjson@2.2.2:
    resolution: {integrity: sha512-PdeC9tsmLWBiL8vMhJvocq+OezQ3HhsH2HrN7YkhfYcTjQSa/iraB15A7Qvt7Xpr0Yd2rDNt6GbFwVQDg3HcAw==}
    engines: {node: '>=10'}

  sax@1.5.0:
    resolution: {integrity: sha512-21IYA3Q5cQf089Z6tgaUTr7lDAyzoTPx5HRtbhsME8Udispad8dC/+sziTNugOEx54ilvatQ9YCzl4KQLPcRHA==}
    engines: {node: '>=11.0.0'}

  source-map-js@1.2.1:
    resolution: {integrity: sha512-UXWMKhLOwVKb728IUtQPXxfYU+usdybtUrK/8uGE8CQMvrhOpwvzDBwj0QhSL7MQc7vIsISBG8VQ8+IDQxpfQA==}
    engines: {node: '>=0.10.0'}

  source-map-support@0.5.21:
    resolution: {integrity: sha512-uBHU3L3czsIyYXKX88fdrGovxdSCoTGDRZ6SYXtSRxLZUzHg5P/66Ht6uoUlHu9EZod+inXhKo3qQgwXUT/y1w==}

  source-map@0.6.1:
    resolution: {integrity: sha512-UjgapumWlbMhkBgzT7Ykc5YXUT46F0iKu8SGXq0bcwP5dz/h0Plj6enJqjz1Zbq2l5WaqYnrVbwWOWMyF3F47g==}
    engines: {node: '>=0.10.0'}

  svgo@4.0.1:
    resolution: {integrity: sha512-XDpWUOPC6FEibaLzjfe0ucaV0YrOjYotGJO1WpF0Zd+n6ZGEQUsSugaoLq9QkEZtAfQIxT42UChcssDVPP3+/w==}
    engines: {node: '>=16'}
    hasBin: true

  terser@5.46.0:
    resolution: {integrity: sha512-jTwoImyr/QbOWFFso3YoU3ik0jBBDJ6JTOQiy/J2YxVJdZCc+5u7skhNwiOR3FQIygFqVUPHl7qbbxtjW2K3Qg==}
    engines: {node: '>=10'}
    hasBin: true

  try-catch@3.0.1:
    resolution: {integrity: sha512-91yfXw1rr/P6oLpHSyHDOHm0vloVvUoo9FVdw8YwY05QjJQG9OT0LUxe2VRAzmHG+0CUOmI3nhxDUMLxDN/NEQ==}
    engines: {node: '>=6'}

  try-catch@4.0.9:
    resolution: {integrity: sha512-tEWGmsfqZ9NBzvDOGbACxu+AaXajM6+RtmIM6wCIkFD6lCa3/UvjNuWjCRoOjn8qTKuZlQmrMh8vSTBMQcceew==}
    engines: {node: '>=22'}

  try-to-catch@4.0.5:
    resolution: {integrity: sha512-VKBslDQsy4pGj2TMNgDdskWb7AWSi/9dPEmcNv3sdL0+aRMQTPJo6aEqlcuN0vbOwFfsE1oAXmx3bFdf6vrJFg==}
    engines: {node: '>=22'}

  tslib@2.8.1:
    resolution: {integrity: sha512-oJFu94HQb+KVduSUQL7wnpmqnfmLsOA/nAh6b6EH0wCEoK0/mPeXU6c3wKDV83MkOuHPRHtSXKKU99IBazS/2w==}

  unicorn-magic@0.3.0:
    resolution: {integrity: sha512-+QBBXBCvifc56fsbuxZQ6Sic3wqqc3WWaqxs58gvJrcOuN83HGTCwz3oS5phzU9LthRNE9VrJCFCLUgHeeFnfA==}
    engines: {node: '>=18'}

  yocto-queue@1.2.2:
    resolution: {integrity: sha512-4LCcse/U2MHZ63HAJVE+v71o7yOdIe4cZ70Wpf8D/IyjDKYQLV5GD46B+hSTjJsvV5PztjvHoU580EftxjDZFQ==}
    engines: {node: '>=12.20'}

snapshots:

  '@emnapi/core@1.9.0':
    dependencies:
      '@emnapi/wasi-threads': 1.2.0
      tslib: 2.8.1
    optional: true

  '@emnapi/runtime@1.9.0':
    dependencies:
      tslib: 2.8.1
    optional: true

  '@emnapi/wasi-threads@1.2.0':
    dependencies:
      tslib: 2.8.1
    optional: true

  '@esbuild/aix-ppc64@0.27.4':
    optional: true

  '@esbuild/android-arm64@0.27.4':
    optional: true

  '@esbuild/android-arm@0.27.4':
    optional: true

  '@esbuild/android-x64@0.27.4':
    optional: true

  '@esbuild/darwin-arm64@0.27.4':
    optional: true

  '@esbuild/darwin-x64@0.27.4':
    optional: true

  '@esbuild/freebsd-arm64@0.27.4':
    optional: true

  '@esbuild/freebsd-x64@0.27.4':
    optional: true

  '@esbuild/linux-arm64@0.27.4':
    optional: true

  '@esbuild/linux-arm@0.27.4':
    optional: true

  '@esbuild/linux-ia32@0.27.4':
    optional: true

  '@esbuild/linux-loong64@0.27.4':
    optional: true

  '@esbuild/linux-mips64el@0.27.4':
    optional: true

  '@esbuild/linux-ppc64@0.27.4':
    optional: true

  '@esbuild/linux-riscv64@0.27.4':
    optional: true

  '@esbuild/linux-s390x@0.27.4':
    optional: true

  '@esbuild/linux-x64@0.27.4':
    optional: true

  '@esbuild/netbsd-arm64@0.27.4':
    optional: true

  '@esbuild/netbsd-x64@0.27.4':
    optional: true

  '@esbuild/openbsd-arm64@0.27.4':
    optional: true

  '@esbuild/openbsd-x64@0.27.4':
    optional: true

  '@esbuild/openharmony-arm64@0.27.4':
    optional: true

  '@esbuild/sunos-x64@0.27.4':
    optional: true

  '@esbuild/win32-arm64@0.27.4':
    optional: true

  '@esbuild/win32-ia32@0.27.4':
    optional: true

  '@esbuild/win32-x64@0.27.4':
    optional: true

  '@jridgewell/gen-mapping@0.3.13':
    dependencies:
      '@jridgewell/sourcemap-codec': 1.5.5
      '@jridgewell/trace-mapping': 0.3.31

  '@jridgewell/resolve-uri@3.1.2': {}

  '@jridgewell/source-map@0.3.11':
    dependencies:
      '@jridgewell/gen-mapping': 0.3.13
      '@jridgewell/trace-mapping': 0.3.31

  '@jridgewell/sourcemap-codec@1.5.5': {}

  '@jridgewell/trace-mapping@0.3.31':
    dependencies:
      '@jridgewell/resolve-uri': 3.1.2
      '@jridgewell/sourcemap-codec': 1.5.5

  '@napi-rs/wasm-runtime@1.1.1':
    dependencies:
      '@emnapi/core': 1.9.0
      '@emnapi/runtime': 1.9.0
      '@tybys/wasm-util': 0.10.1
    optional: true

  '@oxc-minify/binding-android-arm-eabi@0.116.0':
    optional: true

  '@oxc-minify/binding-android-arm64@0.116.0':
    optional: true

  '@oxc-minify/binding-darwin-arm64@0.116.0':
    optional: true

  '@oxc-minify/binding-darwin-x64@0.116.0':
    optional: true

  '@oxc-minify/binding-freebsd-x64@0.116.0':
    optional: true

  '@oxc-minify/binding-linux-arm-gnueabihf@0.116.0':
    optional: true

  '@oxc-minify/binding-linux-arm-musleabihf@0.116.0':
    optional: true

  '@oxc-minify/binding-linux-arm64-gnu@0.116.0':
    optional: true

  '@oxc-minify/binding-linux-arm64-musl@0.116.0':
    optional: true

  '@oxc-minify/binding-linux-ppc64-gnu@0.116.0':
    optional: true

  '@oxc-minify/binding-linux-riscv64-gnu@0.116.0':
    optional: true

  '@oxc-minify/binding-linux-riscv64-musl@0.116.0':
    optional: true

  '@oxc-minify/binding-linux-s390x-gnu@0.116.0':
    optional: true

  '@oxc-minify/binding-linux-x64-gnu@0.116.0':
    optional: true

  '@oxc-minify/binding-linux-x64-musl@0.116.0':
    optional: true

  '@oxc-minify/binding-openharmony-arm64@0.116.0':
    optional: true

  '@oxc-minify/binding-wasm32-wasi@0.116.0':
    dependencies:
      '@napi-rs/wasm-runtime': 1.1.1
    optional: true

  '@oxc-minify/binding-win32-arm64-msvc@0.116.0':
    optional: true

  '@oxc-minify/binding-win32-ia32-msvc@0.116.0':
    optional: true

  '@oxc-minify/binding-win32-x64-msvc@0.116.0':
    optional: true

  '@putout/minify@6.0.6': {}

  '@swc/core-darwin-arm64@1.15.18':
    optional: true

  '@swc/core-darwin-x64@1.15.18':
    optional: true

  '@swc/core-linux-arm-gnueabihf@1.15.18':
    optional: true

  '@swc/core-linux-arm64-gnu@1.15.18':
    optional: true

  '@swc/core-linux-arm64-musl@1.15.18':
    optional: true

  '@swc/core-linux-x64-gnu@1.15.18':
    optional: true

  '@swc/core-linux-x64-musl@1.15.18':
    optional: true

  '@swc/core-win32-arm64-msvc@1.15.18':
    optional: true

  '@swc/core-win32-ia32-msvc@1.15.18':
    optional: true

  '@swc/core-win32-x64-msvc@1.15.18':
    optional: true

  '@swc/core@1.15.18':
    dependencies:
      '@swc/counter': 0.1.3
      '@swc/types': 0.1.25
    optionalDependencies:
      '@swc/core-darwin-arm64': 1.15.18
      '@swc/core-darwin-x64': 1.15.18
      '@swc/core-linux-arm-gnueabihf': 1.15.18
      '@swc/core-linux-arm64-gnu': 1.15.18
      '@swc/core-linux-arm64-musl': 1.15.18
      '@swc/core-linux-x64-gnu': 1.15.18
      '@swc/core-linux-x64-musl': 1.15.18
      '@swc/core-win32-arm64-msvc': 1.15.18
      '@swc/core-win32-ia32-msvc': 1.15.18
      '@swc/core-win32-x64-msvc': 1.15.18

  '@swc/counter@0.1.3': {}

  '@swc/types@0.1.25':
    dependencies:
      '@swc/counter': 0.1.3

  '@tybys/wasm-util@0.10.1':
    dependencies:
      tslib: 2.8.1
    optional: true

  acorn@8.16.0: {}

  boolbase@1.0.0: {}

  buffer-from@1.1.2: {}

  clean-css@5.3.3:
    dependencies:
      source-map: 0.6.1

  commander@11.1.0: {}

  commander@14.0.3: {}

  commander@2.20.3: {}

  css-b64-images@0.2.5: {}

  css-select@5.2.2:
    dependencies:
      boolbase: 1.0.0
      css-what: 6.2.2
      domhandler: 5.0.3
      domutils: 3.2.2
      nth-check: 2.1.1

  css-tree@2.2.1:
    dependencies:
      mdn-data: 2.0.28
      source-map-js: 1.2.1

  css-tree@3.2.1:
    dependencies:
      mdn-data: 2.27.1
      source-map-js: 1.2.1

  css-what@6.2.2: {}

  csso@5.0.5:
    dependencies:
      css-tree: 2.2.1

  debug@4.4.3:
    dependencies:
      ms: 2.1.3

  detect-libc@2.1.2: {}

  dom-serializer@2.0.0:
    dependencies:
      domelementtype: 2.3.0
      domhandler: 5.0.3
      entities: 4.5.0

  domelementtype@2.3.0: {}

  domhandler@5.0.3:
    dependencies:
      domelementtype: 2.3.0

  domutils@3.2.2:
    dependencies:
      dom-serializer: 2.0.0
      domelementtype: 2.3.0
      domhandler: 5.0.3

  entities@4.5.0: {}

  entities@7.0.1: {}

  esbuild@0.27.4:
    optionalDependencies:
      '@esbuild/aix-ppc64': 0.27.4
      '@esbuild/android-arm': 0.27.4
      '@esbuild/android-arm64': 0.27.4
      '@esbuild/android-x64': 0.27.4
      '@esbuild/darwin-arm64': 0.27.4
      '@esbuild/darwin-x64': 0.27.4
      '@esbuild/freebsd-arm64': 0.27.4
      '@esbuild/freebsd-x64': 0.27.4
      '@esbuild/linux-arm': 0.27.4
      '@esbuild/linux-arm64': 0.27.4
      '@esbuild/linux-ia32': 0.27.4
      '@esbuild/linux-loong64': 0.27.4
      '@esbuild/linux-mips64el': 0.27.4
      '@esbuild/linux-ppc64': 0.27.4
      '@esbuild/linux-riscv64': 0.27.4
      '@esbuild/linux-s390x': 0.27.4
      '@esbuild/linux-x64': 0.27.4
      '@esbuild/netbsd-arm64': 0.27.4
      '@esbuild/netbsd-x64': 0.27.4
      '@esbuild/openbsd-arm64': 0.27.4
      '@esbuild/openbsd-x64': 0.27.4
      '@esbuild/openharmony-arm64': 0.27.4
      '@esbuild/sunos-x64': 0.27.4
      '@esbuild/win32-arm64': 0.27.4
      '@esbuild/win32-ia32': 0.27.4
      '@esbuild/win32-x64': 0.27.4

  find-up@8.0.0:
    dependencies:
      locate-path: 8.0.0
      unicorn-magic: 0.3.0

  html-minifier-next@5.2.0(@swc/core@1.15.18):
    dependencies:
      commander: 14.0.3
      entities: 7.0.1
      lightningcss: 1.32.0
      svgo: 4.0.1
      terser: 5.46.0
    optionalDependencies:
      '@swc/core': 1.15.18

  husky@9.1.7: {}

  jju@1.4.0: {}

  lightningcss-android-arm64@1.32.0:
    optional: true

  lightningcss-darwin-arm64@1.32.0:
    optional: true

  lightningcss-darwin-x64@1.32.0:
    optional: true

  lightningcss-freebsd-x64@1.32.0:
    optional: true

  lightningcss-linux-arm-gnueabihf@1.32.0:
    optional: true

  lightningcss-linux-arm64-gnu@1.32.0:
    optional: true

  lightningcss-linux-arm64-musl@1.32.0:
    optional: true

  lightningcss-linux-x64-gnu@1.32.0:
    optional: true

  lightningcss-linux-x64-musl@1.32.0:
    optional: true

  lightningcss-win32-arm64-msvc@1.32.0:
    optional: true

  lightningcss-win32-x64-msvc@1.32.0:
    optional: true

  lightningcss@1.32.0:
    dependencies:
      detect-libc: 2.1.2
    optionalDependencies:
      lightningcss-android-arm64: 1.32.0
      lightningcss-darwin-arm64: 1.32.0
      lightningcss-darwin-x64: 1.32.0
      lightningcss-freebsd-x64: 1.32.0
      lightningcss-linux-arm-gnueabihf: 1.32.0
      lightningcss-linux-arm64-gnu: 1.32.0
      lightningcss-linux-arm64-musl: 1.32.0
      lightningcss-linux-x64-gnu: 1.32.0
      lightningcss-linux-x64-musl: 1.32.0
      lightningcss-win32-arm64-msvc: 1.32.0
      lightningcss-win32-x64-msvc: 1.32.0

  locate-path@8.0.0:
    dependencies:
      p-locate: 6.0.0

  mdn-data@2.0.28: {}

  mdn-data@2.27.1: {}

  minify@15.2.0:
    dependencies:
      '@putout/minify': 6.0.6
      '@swc/core': 1.15.18
      clean-css: 5.3.3
      css-b64-images: 0.2.5
      debug: 4.4.3
      esbuild: 0.27.4
      find-up: 8.0.0
      html-minifier-next: 5.2.0(@swc/core@1.15.18)
      lightningcss: 1.32.0
      montag: 1.2.1
      oxc-minify: 0.116.0
      readjson: 2.2.2
      terser: 5.46.0
      try-catch: 4.0.9
      try-to-catch: 4.0.5
    transitivePeerDependencies:
      - '@swc/helpers'
      - supports-color

  montag@1.2.1: {}

  ms@2.1.3: {}

  nth-check@2.1.1:
    dependencies:
      boolbase: 1.0.0

  oxc-minify@0.116.0:
    optionalDependencies:
      '@oxc-minify/binding-android-arm-eabi': 0.116.0
      '@oxc-minify/binding-android-arm64': 0.116.0
      '@oxc-minify/binding-darwin-arm64': 0.116.0
      '@oxc-minify/binding-darwin-x64': 0.116.0
      '@oxc-minify/binding-freebsd-x64': 0.116.0
      '@oxc-minify/binding-linux-arm-gnueabihf': 0.116.0
      '@oxc-minify/binding-linux-arm-musleabihf': 0.116.0
      '@oxc-minify/binding-linux-arm64-gnu': 0.116.0
      '@oxc-minify/binding-linux-arm64-musl': 0.116.0
      '@oxc-minify/binding-linux-ppc64-gnu': 0.116.0
      '@oxc-minify/binding-linux-riscv64-gnu': 0.116.0
      '@oxc-minify/binding-linux-riscv64-musl': 0.116.0
      '@oxc-minify/binding-linux-s390x-gnu': 0.116.0
      '@oxc-minify/binding-linux-x64-gnu': 0.116.0
      '@oxc-minify/binding-linux-x64-musl': 0.116.0
      '@oxc-minify/binding-openharmony-arm64': 0.116.0
      '@oxc-minify/binding-wasm32-wasi': 0.116.0
      '@oxc-minify/binding-win32-arm64-msvc': 0.116.0
      '@oxc-minify/binding-win32-ia32-msvc': 0.116.0
      '@oxc-minify/binding-win32-x64-msvc': 0.116.0

  p-limit@4.0.0:
    dependencies:
      yocto-queue: 1.2.2

  p-locate@6.0.0:
    dependencies:
      p-limit: 4.0.0

  picocolors@1.1.1: {}

  readjson@2.2.2:
    dependencies:
      jju: 1.4.0
      try-catch: 3.0.1

  sax@1.5.0: {}

  source-map-js@1.2.1: {}

  source-map-support@0.5.21:
    dependencies:
      buffer-from: 1.1.2
      source-map: 0.6.1

  source-map@0.6.1: {}

  svgo@4.0.1:
    dependencies:
      commander: 11.1.0
      css-select: 5.2.2
      css-tree: 3.2.1
      css-what: 6.2.2
      csso: 5.0.5
      picocolors: 1.1.1
      sax: 1.5.0

  terser@5.46.0:
    dependencies:
      '@jridgewell/source-map': 0.3.11
      acorn: 8.16.0
      commander: 2.20.3
      source-map-support: 0.5.21

  try-catch@3.0.1: {}

  try-catch@4.0.9: {}

  try-to-catch@4.0.5: {}

  tslib@2.8.1:
    optional: true

  unicorn-magic@0.3.0: {}

  yocto-queue@1.2.2: {}
